<?xml version="1.0" encoding="utf-8"?>
<Project ToolsVersion="4.0" xmlns="http://schemas.microsoft.com/developer/msbuild/2003">
  <ItemGroup>
    <Filter Include="源文件">
      <UniqueIdentifier>{4FC737F1-C7A5-4376-A066-2A32D752A2FF}</UniqueIdentifier>
      <Extensions>cpp;c;cc;cxx;def;odl;idl;hpj;bat;asm;asmx</Extensions>
    </Filter>
    <Filter Include="头文件">
      <UniqueIdentifier>{93995380-89BD-4b04-88EB-625FBE52EBFB}</UniqueIdentifier>
      <Extensions>h;hh;hpp;hxx;hm;inl;inc;xsd</Extensions>
    </Filter>
    <Filter Include="资源文件">
      <UniqueIdentifier>{67DA6AB6-F800-4c08-8B7A-83BB121AAD01}</UniqueIdentifier>
      <Extensions>rc;ico;cur;bmp;dlg;rc2;rct;bin;rgs;gif;jpg;jpeg;jpe;resx;tiff;tif;png;wav;mfcribbon-ms</Extensions>
    </Filter>
  </ItemGroup>
  <ItemGroup>
    <ClCompile Include="..\..\main.cpp">
      <Filter>源文件</Filter>
    </ClCompile>
    <ClCompile Include="..\..\..\common\camera.cpp">
      <Filter>源文件</Filter>
    </ClCompile>
    <ClCompile Include="..\..\..\common\light.cpp">
      <Filter>源文件</Filter>
    </ClCompile>
    <ClCompile Include="..\..\..\common\mesh.cpp">
      <Filter>源文件</Filter>
    </ClCompile>
    <ClCompile Include="..\..\..\common\model.cpp">
      <Filter>源文件</Filter>
    </ClCompile>
    <ClCompile Include="..\..\..\common\shader.cpp">
      <Filter>源文件</Filter>
    </ClCompile>
    <ClCompile Include="..\..\..\common\sprite.cpp">
      <Filter>源文件</Filter>
    </ClCompile>
    <ClCompile Include="..\..\..\common\texture.cpp">
      <Filter>源文件</Filter>
    </ClCompile>
  </ItemGroup>
  <ItemGroup>
    <None Include="..\..\data\shaders\dome.frag">
      <Filter>资源文件</Filter>
    </None>
    <None Include="..\..\data\shaders\dome.vert">
      <Filter>资源文件</Filter>
    </None>
    <None Include="..\..\data\shaders\lamp.frag">
      <Filter>资源文件</Filter>
    </None>
    <None Include="..\..\data\shaders\lamp.vs">
      <Filter>资源文件</Filter>
    </None>
    <None Include="..\..\data\shaders\lightShader.frag">
      <Filter>资源文件</Filter>
    </None>
    <None Include="..\..\data\shaders\lightShader.vert">
      <Filter>资源文件</Filter>
    </None>
    <None Include="..\..\data\shaders\shaderColor.frag">
      <Filter>资源文件</Filter>
    </None>
    <None Include="..\..\data\shaders\shaderColor.vert">
      <Filter>资源文件</Filter>
    </None>
    <None Include="..\..\data\shaders\shaderColorUniform.frag">
      <Filter>资源文件</Filter>
    </None>
    <None Include="..\..\data\shaders\shaderColorUniform.vert">
      <Filter>资源文件</Filter>
    </None>
    <None Include="..\..\data\shaders\shadow_mapping_depth.frag">
      <Filter>资源文件</Filter>
    </None>
    <None Include="..\..\data\shaders\shadow_mapping_depth.vs">
      <Filter>资源文件</Filter>
    </None>
    <None Include="..\..\data\shaders\spriteShader.frag">
      <Filter>资源文件</Filter>
    </None>
    <None Include="..\..\data\shaders\spriteShader.vert">
      <Filter>资源文件</Filter>
    </None>
    <None Include="..\..\data\shaders\stars.frag">
      <Filter>资源文件</Filter>
    </None>
    <None Include="..\..\data\shaders\shader.frag">
      <Filter>资源文件</Filter>
    </None>
    <None Include="..\..\data\shaders\shader.vert">
      <Filter>资源文件</Filter>
    </None>
  </ItemGroup>
</Project>